# Generated by pub
# See https://dart.dev/tools/pub/glossary#lockfile
packages:
  example_git_package:
    dependency: "direct main"
    description:
      path: example_git_package
      resolved-ref: "53674fe52cd5601c37d8d388f28c397e9d157f36"
      tag-pattern: "{{version}}"
      url: "https://github.com/Conrad598/renovate-reproduction-26319"
    source: git
    version: "1.0.0"
sdks:
  dart: "3.9.0"
